
Microsoft Visual Studio Solution File, Format Version 12.00
# Visual Studio 15
VisualStudioVersion = 15.0.27703.2035
MinimumVisualStudioVersion = 10.0.40219.1
Project("{FAE04EC0-301F-11D3-BF4B-00C04F79EFBC}") = "WebApplication1", "WebApplication1\WebApplication1.csproj", "{730220FC-12BF-4BFF-9FB1-28265A3FD688}"
EndProject
Global
	GlobalSection(SolutionConfigurationPlatforms) = preSolution
		Debug|Any CPU = Debug|Any CPU
		Release|Any CPU = Release|Any CPU
	EndGlobalSection
	GlobalSection(ProjectConfigurationPlatforms) = postSolution
		{730220FC-12BF-4BFF-9FB1-28265A3FD688}.Debug|Any CPU.ActiveCfg = Debug|Any CPU
		{730220FC-12BF-4BFF-9FB1-28265A3FD688}.Debug|Any CPU.Build.0 = Debug|Any CPU
		{730220FC-12BF-4BFF-9FB1-28265A3FD688}.Release|Any CPU.ActiveCfg = Release|Any CPU
		{730220FC-12BF-4BFF-9FB1-28265A3FD688}.Release|Any CPU.Build.0 = Release|Any CPU
	EndGlobalSection
	GlobalSection(SolutionProperties) = preSolution
		HideSolutionNode = FALSE
	EndGlobalSection
	GlobalSection(ExtensibilityGlobals) = postSolution
		SolutionGuid = {94DD94B0-863B-4F31-86C8-62F20FD866FA}
	EndGlobalSection
EndGlobal
